
Microsoft Visual Studio Solution File, Format Version 12.00
# Visual Studio Version 16
VisualStudioVersion = 16.0.29911.84
MinimumVisualStudioVersion = 10.0.40219.1
Project("{9A19103F-16F7-4668-BE54-9A1E7A4F7556}") = "GestaoContratos", "GestaoContratos.csproj", "{878AE3C5-A3EB-4552-B917-F1A4DF393EBD}"
EndProject
Global
	GlobalSection(SolutionConfigurationPlatforms) = preSolution
		Debug|Any CPU = Debug|Any CPU
		Release|Any CPU = Release|Any CPU
	EndGlobalSection
	GlobalSection(ProjectConfigurationPlatforms) = postSolution
		{878AE3C5-A3EB-4552-B917-F1A4DF393EBD}.Debug|Any CPU.ActiveCfg = Debug|Any CPU
		{878AE3C5-A3EB-4552-B917-F1A4DF393EBD}.Debug|Any CPU.Build.0 = Debug|Any CPU
		{878AE3C5-A3EB-4552-B917-F1A4DF393EBD}.Release|Any CPU.ActiveCfg = Release|Any CPU
		{878AE3C5-A3EB-4552-B917-F1A4DF393EBD}.Release|Any CPU.Build.0 = Release|Any CPU
	EndGlobalSection
	GlobalSection(SolutionProperties) = preSolution
		HideSolutionNode = FALSE
	EndGlobalSection
	GlobalSection(ExtensibilityGlobals) = postSolution
		SolutionGuid = {D1E8DF29-4E90-4711-9FCD-AD799F3C2E9C}
	EndGlobalSection
EndGlobal
